
Microsoft Visual Studio Solution File, Format Version 12.00
# Visual Studio Version 17
VisualStudioVersion = 17.0.31903.59
MinimumVisualStudioVersion = 10.0.40219.1
Project("{2150E333-8FDC-42A3-9474-1A3956D46DE8}") = "src", "src", "{827E0CD3-B72D-47B6-A68D-7590B98EB39B}"
EndProject
Project("{FAE04EC0-301F-11D3-BF4B-00C04F79EFBC}") = "PromptAssistant.Core", "src\PromptAssistant.Core\PromptAssistant.Core.csproj", "{8FD7CB71-3955-475A-BF8A-668174F7A719}"
EndProject
Project("{FAE04EC0-301F-11D3-BF4B-00C04F79EFBC}") = "PromptAssistant.Cli", "src\PromptAssistant.Cli\PromptAssistant.Cli.csproj", "{8C7958E1-CC97-4556-A096-91297CE0CDA7}"
EndProject
Project("{FAE04EC0-301F-11D3-BF4B-00C04F79EFBC}") = "PromptAssistant.Persistence", "src\PromptAssistant.Persistence\PromptAssistant.Persistence.csproj", "{3F85ECDB-F1C2-467D-B0FC-2A8CBC0AECEB}"
EndProject
Project("{FAE04EC0-301F-11D3-BF4B-00C04F79EFBC}") = "PromptAssistant.App", "src\PromptAssistant.App\PromptAssistant.App.csproj", "{9CD64AA7-3BD5-4CAE-A1EE-9DB9E88491F9}"
EndProject
Project("{FAE04EC0-301F-11D3-BF4B-00C04F79EFBC}") = "PromptAssistant.Desktop", "src\PromptAssistant.Desktop\PromptAssistant.Desktop.csproj", "{4F9023E4-30FF-40AF-901D-93007C78C09A}"
EndProject
Project("{2150E333-8FDC-42A3-9474-1A3956D46DE8}") = "tests", "tests", "{0AB3BF05-4346-4AA6-1389-037BE0695223}"
EndProject
Project("{FAE04EC0-301F-11D3-BF4B-00C04F79EFBC}") = "PromptAssistant.Core.Tests", "tests\PromptAssistant.Core.Tests\PromptAssistant.Core.Tests.csproj", "{2E92ABA7-4B60-4042-B02D-D62ADB79E00B}"
EndProject
Project("{FAE04EC0-301F-11D3-BF4B-00C04F79EFBC}") = "PromptAssistant.Cli.Tests", "tests\PromptAssistant.Cli.Tests\PromptAssistant.Cli.Tests.csproj", "{65BDF1E7-909E-4DFD-9435-B45F8A9C9007}"
EndProject
Project("{FAE04EC0-301F-11D3-BF4B-00C04F79EFBC}") = "PromptAssistant.Http", "src\PromptAssistant.Http\PromptAssistant.Http.csproj", "{F4CBFCFB-FF74-4468-91E7-C9567EA3DD18}"
EndProject
Global
	GlobalSection(SolutionConfigurationPlatforms) = preSolution
		Debug|Any CPU = Debug|Any CPU
		Debug|x64 = Debug|x64
		Debug|x86 = Debug|x86
		Release|Any CPU = Release|Any CPU
		Release|x64 = Release|x64
		Release|x86 = Release|x86
	EndGlobalSection
	GlobalSection(ProjectConfigurationPlatforms) = postSolution
		{8FD7CB71-3955-475A-BF8A-668174F7A719}.Debug|Any CPU.ActiveCfg = Debug|Any CPU
		{8FD7CB71-3955-475A-BF8A-668174F7A719}.Debug|Any CPU.Build.0 = Debug|Any CPU
		{8FD7CB71-3955-475A-BF8A-668174F7A719}.Debug|x64.ActiveCfg = Debug|Any CPU
		{8FD7CB71-3955-475A-BF8A-668174F7A719}.Debug|x64.Build.0 = Debug|Any CPU
		{8FD7CB71-3955-475A-BF8A-668174F7A719}.Debug|x86.ActiveCfg = Debug|Any CPU
		{8FD7CB71-3955-475A-BF8A-668174F7A719}.Debug|x86.Build.0 = Debug|Any CPU
		{8FD7CB71-3955-475A-BF8A-668174F7A719}.Release|Any CPU.ActiveCfg = Release|Any CPU
		{8FD7CB71-3955-475A-BF8A-668174F7A719}.Release|Any CPU.Build.0 = Release|Any CPU
		{8FD7CB71-3955-475A-BF8A-668174F7A719}.Release|x64.ActiveCfg = Release|Any CPU
		{8FD7CB71-3955-475A-BF8A-668174F7A719}.Release|x64.Build.0 = Release|Any CPU
		{8FD7CB71-3955-475A-BF8A-668174F7A719}.Release|x86.ActiveCfg = Release|Any CPU
		{8FD7CB71-3955-475A-BF8A-668174F7A719}.Release|x86.Build.0 = Release|Any CPU
		{8C7958E1-CC97-4556-A096-91297CE0CDA7}.Debug|Any CPU.ActiveCfg = Debug|Any CPU
		{8C7958E1-CC97-4556-A096-91297CE0CDA7}.Debug|Any CPU.Build.0 = Debug|Any CPU
		{8C7958E1-CC97-4556-A096-91297CE0CDA7}.Debug|x64.ActiveCfg = Debug|Any CPU
		{8C7958E1-CC97-4556-A096-91297CE0CDA7}.Debug|x64.Build.0 = Debug|Any CPU
		{8C7958E1-CC97-4556-A096-91297CE0CDA7}.Debug|x86.ActiveCfg = Debug|Any CPU
		{8C7958E1-CC97-4556-A096-91297CE0CDA7}.Debug|x86.Build.0 = Debug|Any CPU
		{8C7958E1-CC97-4556-A096-91297CE0CDA7}.Release|Any CPU.ActiveCfg = Release|Any CPU
		{8C7958E1-CC97-4556-A096-91297CE0CDA7}.Release|Any CPU.Build.0 = Release|Any CPU
		{8C7958E1-CC97-4556-A096-91297CE0CDA7}.Release|x64.ActiveCfg = Release|Any CPU
		{8C7958E1-CC97-4556-A096-91297CE0CDA7}.Release|x64.Build.0 = Release|Any CPU
		{8C7958E1-CC97-4556-A096-91297CE0CDA7}.Release|x86.ActiveCfg = Release|Any CPU
		{8C7958E1-CC97-4556-A096-91297CE0CDA7}.Release|x86.Build.0 = Release|Any CPU
		{3F85ECDB-F1C2-467D-B0FC-2A8CBC0AECEB}.Debug|Any CPU.ActiveCfg = Debug|Any CPU
		{3F85ECDB-F1C2-467D-B0FC-2A8CBC0AECEB}.Debug|Any CPU.Build.0 = Debug|Any CPU
		{3F85ECDB-F1C2-467D-B0FC-2A8CBC0AECEB}.Debug|x64.ActiveCfg = Debug|Any CPU
		{3F85ECDB-F1C2-467D-B0FC-2A8CBC0AECEB}.Debug|x64.Build.0 = Debug|Any CPU
		{3F85ECDB-F1C2-467D-B0FC-2A8CBC0AECEB}.Debug|x86.ActiveCfg = Debug|Any CPU
		{3F85ECDB-F1C2-467D-B0FC-2A8CBC0AECEB}.Debug|x86.Build.0 = Debug|Any CPU
		{3F85ECDB-F1C2-467D-B0FC-2A8CBC0AECEB}.Release|Any CPU.ActiveCfg = Release|Any CPU
		{3F85ECDB-F1C2-467D-B0FC-2A8CBC0AECEB}.Release|Any CPU.Build.0 = Release|Any CPU
		{3F85ECDB-F1C2-467D-B0FC-2A8CBC0AECEB}.Release|x64.ActiveCfg = Release|Any CPU
		{3F85ECDB-F1C2-467D-B0FC-2A8CBC0AECEB}.Release|x64.Build.0 = Release|Any CPU
		{3F85ECDB-F1C2-467D-B0FC-2A8CBC0AECEB}.Release|x86.ActiveCfg = Release|Any CPU
		{3F85ECDB-F1C2-467D-B0FC-2A8CBC0AECEB}.Release|x86.Build.0 = Release|Any CPU
		{9CD64AA7-3BD5-4CAE-A1EE-9DB9E88491F9}.Debug|Any CPU.ActiveCfg = Debug|Any CPU
		{9CD64AA7-3BD5-4CAE-A1EE-9DB9E88491F9}.Debug|Any CPU.Build.0 = Debug|Any CPU
		{9CD64AA7-3BD5-4CAE-A1EE-9DB9E88491F9}.Debug|x64.ActiveCfg = Debug|Any CPU
		{9CD64AA7-3BD5-4CAE-A1EE-9DB9E88491F9}.Debug|x64.Build.0 = Debug|Any CPU
		{9CD64AA7-3BD5-4CAE-A1EE-9DB9E88491F9}.Debug|x86.ActiveCfg = Debug|Any CPU
		{9CD64AA7-3BD5-4CAE-A1EE-9DB9E88491F9}.Debug|x86.Build.0 = Debug|Any CPU
		{9CD64AA7-3BD5-4CAE-A1EE-9DB9E88491F9}.Release|Any CPU.ActiveCfg = Release|Any CPU
		{9CD64AA7-3BD5-4CAE-A1EE-9DB9E88491F9}.Release|Any CPU.Build.0 = Release|Any CPU
		{9CD64AA7-3BD5-4CAE-A1EE-9DB9E88491F9}.Release|x64.ActiveCfg = Release|Any CPU
		{9CD64AA7-3BD5-4CAE-A1EE-9DB9E88491F9}.Release|x64.Build.0 = Release|Any CPU
		{9CD64AA7-3BD5-4CAE-A1EE-9DB9E88491F9}.Release|x86.ActiveCfg = Release|Any CPU
		{9CD64AA7-3BD5-4CAE-A1EE-9DB9E88491F9}.Release|x86.Build.0 = Release|Any CPU
		{4F9023E4-30FF-40AF-901D-93007C78C09A}.Debug|Any CPU.ActiveCfg = Debug|Any CPU
		{4F9023E4-30FF-40AF-901D-93007C78C09A}.Debug|Any CPU.Build.0 = Debug|Any CPU
		{4F9023E4-30FF-40AF-901D-93007C78C09A}.Debug|x64.ActiveCfg = Debug|Any CPU
		{4F9023E4-30FF-40AF-901D-93007C78C09A}.Debug|x64.Build.0 = Debug|Any CPU
		{4F9023E4-30FF-40AF-901D-93007C78C09A}.Debug|x86.ActiveCfg = Debug|Any CPU
		{4F9023E4-30FF-40AF-901D-93007C78C09A}.Debug|x86.Build.0 = Debug|Any CPU
		{4F9023E4-30FF-40AF-901D-93007C78C09A}.Release|Any CPU.ActiveCfg = Release|Any CPU
		{4F9023E4-30FF-40AF-901D-93007C78C09A}.Release|Any CPU.Build.0 = Release|Any CPU
		{4F9023E4-30FF-40AF-901D-93007C78C09A}.Release|x64.ActiveCfg = Release|Any CPU
		{4F9023E4-30FF-40AF-901D-93007C78C09A}.Release|x64.Build.0 = Release|Any CPU
		{4F9023E4-30FF-40AF-901D-93007C78C09A}.Release|x86.ActiveCfg = Release|Any CPU
		{4F9023E4-30FF-40AF-901D-93007C78C09A}.Release|x86.Build.0 = Release|Any CPU
		{2E92ABA7-4B60-4042-B02D-D62ADB79E00B}.Debug|Any CPU.ActiveCfg = Debug|Any CPU
		{2E92ABA7-4B60-4042-B02D-D62ADB79E00B}.Debug|Any CPU.Build.0 = Debug|Any CPU
		{2E92ABA7-4B60-4042-B02D-D62ADB79E00B}.Debug|x64.ActiveCfg = Debug|Any CPU
		{2E92ABA7-4B60-4042-B02D-D62ADB79E00B}.Debug|x64.Build.0 = Debug|Any CPU
		{2E92ABA7-4B60-4042-B02D-D62ADB79E00B}.Debug|x86.ActiveCfg = Debug|Any CPU
		{2E92ABA7-4B60-4042-B02D-D62ADB79E00B}.Debug|x86.Build.0 = Debug|Any CPU
		{2E92ABA7-4B60-4042-B02D-D62ADB79E00B}.Release|Any CPU.ActiveCfg = Release|Any CPU
		{2E92ABA7-4B60-4042-B02D-D62ADB79E00B}.Release|Any CPU.Build.0 = Release|Any CPU
		{2E92ABA7-4B60-4042-B02D-D62ADB79E00B}.Release|x64.ActiveCfg = Release|Any CPU
		{2E92ABA7-4B60-4042-B02D-D62ADB79E00B}.Release|x64.Build.0 = Release|Any CPU
		{2E92ABA7-4B60-4042-B02D-D62ADB79E00B}.Release|x86.ActiveCfg = Release|Any CPU
		{2E92ABA7-4B60-4042-B02D-D62ADB79E00B}.Release|x86.Build.0 = Release|Any CPU
		{65BDF1E7-909E-4DFD-9435-B45F8A9C9007}.Debug|Any CPU.ActiveCfg = Debug|Any CPU
		{65BDF1E7-909E-4DFD-9435-B45F8A9C9007}.Debug|Any CPU.Build.0 = Debug|Any CPU
		{65BDF1E7-909E-4DFD-9435-B45F8A9C9007}.Debug|x64.ActiveCfg = Debug|Any CPU
		{65BDF1E7-909E-4DFD-9435-B45F8A9C9007}.Debug|x64.Build.0 = Debug|Any CPU
		{65BDF1E7-909E-4DFD-9435-B45F8A9C9007}.Debug|x86.ActiveCfg = Debug|Any CPU
		{65BDF1E7-909E-4DFD-9435-B45F8A9C9007}.Debug|x86.Build.0 = Debug|Any CPU
		{65BDF1E7-909E-4DFD-9435-B45F8A9C9007}.Release|Any CPU.ActiveCfg = Release|Any CPU
		{65BDF1E7-909E-4DFD-9435-B45F8A9C9007}.Release|Any CPU.Build.0 = Release|Any CPU
		{65BDF1E7-909E-4DFD-9435-B45F8A9C9007}.Release|x64.ActiveCfg = Release|Any CPU
		{65BDF1E7-909E-4DFD-9435-B45F8A9C9007}.Release|x64.Build.0 = Release|Any CPU
		{65BDF1E7-909E-4DFD-9435-B45F8A9C9007}.Release|x86.ActiveCfg = Release|Any CPU
		{65BDF1E7-909E-4DFD-9435-B45F8A9C9007}.Release|x86.Build.0 = Release|Any CPU
		{F4CBFCFB-FF74-4468-91E7-C9567EA3DD18}.Debug|Any CPU.ActiveCfg = Debug|Any CPU
		{F4CBFCFB-FF74-4468-91E7-C9567EA3DD18}.Debug|Any CPU.Build.0 = Debug|Any CPU
		{F4CBFCFB-FF74-4468-91E7-C9567EA3DD18}.Debug|x64.ActiveCfg = Debug|Any CPU
		{F4CBFCFB-FF74-4468-91E7-C9567EA3DD18}.Debug|x64.Build.0 = Debug|Any CPU
		{F4CBFCFB-FF74-4468-91E7-C9567EA3DD18}.Debug|x86.ActiveCfg = Debug|Any CPU
		{F4CBFCFB-FF74-4468-91E7-C9567EA3DD18}.Debug|x86.Build.0 = Debug|Any CPU
		{F4CBFCFB-FF74-4468-91E7-C9567EA3DD18}.Release|Any CPU.ActiveCfg = Release|Any CPU
		{F4CBFCFB-FF74-4468-91E7-C9567EA3DD18}.Release|Any CPU.Build.0 = Release|Any CPU
		{F4CBFCFB-FF74-4468-91E7-C9567EA3DD18}.Release|x64.ActiveCfg = Release|Any CPU
		{F4CBFCFB-FF74-4468-91E7-C9567EA3DD18}.Release|x64.Build.0 = Release|Any CPU
		{F4CBFCFB-FF74-4468-91E7-C9567EA3DD18}.Release|x86.ActiveCfg = Release|Any CPU
		{F4CBFCFB-FF74-4468-91E7-C9567EA3DD18}.Release|x86.Build.0 = Release|Any CPU
	EndGlobalSection
	GlobalSection(SolutionProperties) = preSolution
		HideSolutionNode = FALSE
	EndGlobalSection
	GlobalSection(NestedProjects) = preSolution
		{8FD7CB71-3955-475A-BF8A-668174F7A719} = {827E0CD3-B72D-47B6-A68D-7590B98EB39B}
		{8C7958E1-CC97-4556-A096-91297CE0CDA7} = {827E0CD3-B72D-47B6-A68D-7590B98EB39B}
		{3F85ECDB-F1C2-467D-B0FC-2A8CBC0AECEB} = {827E0CD3-B72D-47B6-A68D-7590B98EB39B}
		{9CD64AA7-3BD5-4CAE-A1EE-9DB9E88491F9} = {827E0CD3-B72D-47B6-A68D-7590B98EB39B}
		{4F9023E4-30FF-40AF-901D-93007C78C09A} = {827E0CD3-B72D-47B6-A68D-7590B98EB39B}
		{2E92ABA7-4B60-4042-B02D-D62ADB79E00B} = {0AB3BF05-4346-4AA6-1389-037BE0695223}
		{65BDF1E7-909E-4DFD-9435-B45F8A9C9007} = {0AB3BF05-4346-4AA6-1389-037BE0695223}
		{F4CBFCFB-FF74-4468-91E7-C9567EA3DD18} = {827E0CD3-B72D-47B6-A68D-7590B98EB39B}
	EndGlobalSection
EndGlobal
